
Microsoft Visual Studio Solution File, Format Version 12.00
# Visual Studio 15
VisualStudioVersion = 15.0.28307.539
MinimumVisualStudioVersion = 10.0.40219.1
Project("{FAE04EC0-301F-11D3-BF4B-00C04F79EFBC}") = "MigrationWithMySql", "MigrationWithMySql\MigrationWithMySql.csproj", "{835CAA41-1CA3-401C-AC71-96E48DA39A0B}"
EndProject
Global
	GlobalSection(SolutionConfigurationPlatforms) = preSolution
		Debug|Any CPU = Debug|Any CPU
		Release|Any CPU = Release|Any CPU
	EndGlobalSection
	GlobalSection(ProjectConfigurationPlatforms) = postSolution
		{835CAA41-1CA3-401C-AC71-96E48DA39A0B}.Debug|Any CPU.ActiveCfg = Debug|Any CPU
		{835CAA41-1CA3-401C-AC71-96E48DA39A0B}.Debug|Any CPU.Build.0 = Debug|Any CPU
		{835CAA41-1CA3-401C-AC71-96E48DA39A0B}.Release|Any CPU.ActiveCfg = Release|Any CPU
		{835CAA41-1CA3-401C-AC71-96E48DA39A0B}.Release|Any CPU.Build.0 = Release|Any CPU
	EndGlobalSection
	GlobalSection(SolutionProperties) = preSolution
		HideSolutionNode = FALSE
	EndGlobalSection
	GlobalSection(ExtensibilityGlobals) = postSolution
		SolutionGuid = {C42E8816-F94B-4C40-886C-083CD60F65AC}
	EndGlobalSection
EndGlobal
